
Microsoft Visual Studio Solution File, Format Version 11.00
# Visual Studio 2010
Project("{F184B08F-C81C-45F6-A57F-5ABD9991F28F}") = "KinectToolboxSandbox", "KinectToolboxSandbox\KinectToolboxSandbox.vbproj", "{B0110C4D-CEE0-456E-87E8-C7829C582C3A}"
EndProject
Global
	GlobalSection(SolutionConfigurationPlatforms) = preSolution
		Debug|x86 = Debug|x86
		Release|x86 = Release|x86
	EndGlobalSection
	GlobalSection(ProjectConfigurationPlatforms) = postSolution
		{B0110C4D-CEE0-456E-87E8-C7829C582C3A}.Debug|x86.ActiveCfg = Debug|x86
		{B0110C4D-CEE0-456E-87E8-C7829C582C3A}.Debug|x86.Build.0 = Debug|x86
		{B0110C4D-CEE0-456E-87E8-C7829C582C3A}.Release|x86.ActiveCfg = Release|x86
		{B0110C4D-CEE0-456E-87E8-C7829C582C3A}.Release|x86.Build.0 = Release|x86
	EndGlobalSection
	GlobalSection(SolutionProperties) = preSolution
		HideSolutionNode = FALSE
	EndGlobalSection
EndGlobal
